
Microsoft Visual Studio Solution File, Format Version 12.00
# Visual Studio Version 17
VisualStudioVersion = 17.0.31606.5
MinimumVisualStudioVersion = 10.0.40219.1
Project("{9A19103F-16F7-4668-BE54-9A1E7A4F7556}") = "hotel-booking-mvc", "hotel-booking-mvc\hotel-booking-mvc.csproj", "{6737198F-5387-48B9-B4AA-9FB0B1644C65}"
EndProject
Project("{FAE04EC0-301F-11D3-BF4B-00C04F79EFBC}") = "hotel-booking-services", "hotel-booking-services\hotel-booking-services.csproj", "{3C6F2F35-15F3-4C07-A11B-CC9E5BF9CD9B}"
EndProject
Project("{FAE04EC0-301F-11D3-BF4B-00C04F79EFBC}") = "hotel-booking-model", "hotel-booking-model\hotel-booking-model.csproj", "{EA517DDD-40C9-4C9F-92C0-F37FAAF4A5A6}"
EndProject
Global
	GlobalSection(SolutionConfigurationPlatforms) = preSolution
		Debug|Any CPU = Debug|Any CPU
		Release|Any CPU = Release|Any CPU
	EndGlobalSection
	GlobalSection(ProjectConfigurationPlatforms) = postSolution
		{6737198F-5387-48B9-B4AA-9FB0B1644C65}.Debug|Any CPU.ActiveCfg = Debug|Any CPU
		{6737198F-5387-48B9-B4AA-9FB0B1644C65}.Debug|Any CPU.Build.0 = Debug|Any CPU
		{6737198F-5387-48B9-B4AA-9FB0B1644C65}.Release|Any CPU.ActiveCfg = Release|Any CPU
		{6737198F-5387-48B9-B4AA-9FB0B1644C65}.Release|Any CPU.Build.0 = Release|Any CPU
		{3C6F2F35-15F3-4C07-A11B-CC9E5BF9CD9B}.Debug|Any CPU.ActiveCfg = Debug|Any CPU
		{3C6F2F35-15F3-4C07-A11B-CC9E5BF9CD9B}.Debug|Any CPU.Build.0 = Debug|Any CPU
		{3C6F2F35-15F3-4C07-A11B-CC9E5BF9CD9B}.Release|Any CPU.ActiveCfg = Release|Any CPU
		{3C6F2F35-15F3-4C07-A11B-CC9E5BF9CD9B}.Release|Any CPU.Build.0 = Release|Any CPU
		{EA517DDD-40C9-4C9F-92C0-F37FAAF4A5A6}.Debug|Any CPU.ActiveCfg = Debug|Any CPU
		{EA517DDD-40C9-4C9F-92C0-F37FAAF4A5A6}.Debug|Any CPU.Build.0 = Debug|Any CPU
		{EA517DDD-40C9-4C9F-92C0-F37FAAF4A5A6}.Release|Any CPU.ActiveCfg = Release|Any CPU
		{EA517DDD-40C9-4C9F-92C0-F37FAAF4A5A6}.Release|Any CPU.Build.0 = Release|Any CPU
	EndGlobalSection
	GlobalSection(SolutionProperties) = preSolution
		HideSolutionNode = FALSE
	EndGlobalSection
	GlobalSection(ExtensibilityGlobals) = postSolution
		SolutionGuid = {5F0AA324-6897-4861-A3BB-283F5E3A5EE1}
	EndGlobalSection
EndGlobal
